# THIS IS AN AUTOGENERATED FILE. DO NOT EDIT THIS FILE DIRECTLY.
# yarn lockfile v1


"@rails/actioncable@^7.0.4-3":
  version "7.0.4-3"
  resolved "https://registry.yarnpkg.com/@rails/actioncable/-/actioncable-7.0.4-3.tgz#f352f9b481294e135818275688ae0331f9bf3b31"
  integrity sha512-sqf+G/8UfoFbA8n0FwJ1Ysl5lnwRnhluWpJW50ERYAIEqeNmeADIs9J1de6S4Wp7KwmyavwzT3OSgMd9rwZ6lw==
